
Microsoft Visual Studio Solution File, Format Version 12.00
# Visual Studio Version 17
VisualStudioVersion = 17.11.35222.181
MinimumVisualStudioVersion = 10.0.40219.1
Project("{FAE04EC0-301F-11D3-BF4B-00C04F79EFBC}") = "dolgozat_megoldas_triatlonverseny", "dolgozat_megoldas_triatlonverseny\dolgozat_megoldas_triatlonverseny.csproj", "{62100991-6227-47CD-A2A7-8917F0248EB5}"
EndProject
Global
	GlobalSection(SolutionConfigurationPlatforms) = preSolution
		Debug|Any CPU = Debug|Any CPU
		Release|Any CPU = Release|Any CPU
	EndGlobalSection
	GlobalSection(ProjectConfigurationPlatforms) = postSolution
		{62100991-6227-47CD-A2A7-8917F0248EB5}.Debug|Any CPU.ActiveCfg = Debug|Any CPU
		{62100991-6227-47CD-A2A7-8917F0248EB5}.Debug|Any CPU.Build.0 = Debug|Any CPU
		{62100991-6227-47CD-A2A7-8917F0248EB5}.Release|Any CPU.ActiveCfg = Release|Any CPU
		{62100991-6227-47CD-A2A7-8917F0248EB5}.Release|Any CPU.Build.0 = Release|Any CPU
	EndGlobalSection
	GlobalSection(SolutionProperties) = preSolution
		HideSolutionNode = FALSE
	EndGlobalSection
	GlobalSection(ExtensibilityGlobals) = postSolution
		SolutionGuid = {BD4C1F66-CB73-497E-9D16-AFFF71F7C2B5}
	EndGlobalSection
EndGlobal
